
Microsoft Visual Studio Solution File, Format Version 12.00
# Visual Studio Version 17
VisualStudioVersion = 17.14.36119.2 d17.14
MinimumVisualStudioVersion = 10.0.40219.1
Project("{FAE04EC0-301F-11D3-BF4B-00C04F79EFBC}") = "Lab3", "Lab3\Lab3.csproj", "{FFD7B304-8061-4DA2-A2CA-4DDF6DA9EAFD}"
EndProject
Global
	GlobalSection(SolutionConfigurationPlatforms) = preSolution
		Debug|Any CPU = Debug|Any CPU
		Release|Any CPU = Release|Any CPU
	EndGlobalSection
	GlobalSection(ProjectConfigurationPlatforms) = postSolution
		{FFD7B304-8061-4DA2-A2CA-4DDF6DA9EAFD}.Debug|Any CPU.ActiveCfg = Debug|Any CPU
		{FFD7B304-8061-4DA2-A2CA-4DDF6DA9EAFD}.Debug|Any CPU.Build.0 = Debug|Any CPU
		{FFD7B304-8061-4DA2-A2CA-4DDF6DA9EAFD}.Release|Any CPU.ActiveCfg = Release|Any CPU
		{FFD7B304-8061-4DA2-A2CA-4DDF6DA9EAFD}.Release|Any CPU.Build.0 = Release|Any CPU
	EndGlobalSection
	GlobalSection(SolutionProperties) = preSolution
		HideSolutionNode = FALSE
	EndGlobalSection
	GlobalSection(ExtensibilityGlobals) = postSolution
		SolutionGuid = {E92A21E7-7272-401E-BE83-A9DBC97C76AA}
	EndGlobalSection
EndGlobal
